<?xml version="1.0" encoding="utf-8"?>
<Project ToolsVersion="4.0" xmlns="http://schemas.microsoft.com/developer/msbuild/2003">
  <ItemGroup>
    <Filter Include="Source Files">
      <UniqueIdentifier>{4FC737F1-C7A5-4376-A066-2A32D752A2FF}</UniqueIdentifier>
      <Extensions>cpp;c;cc;cxx;c++;cppm;ixx;def;odl;idl;hpj;bat;asm;asmx</Extensions>
    </Filter>
    <Filter Include="Header Files">
      <UniqueIdentifier>{93995380-89BD-4b04-88EB-625FBE52EBFB}</UniqueIdentifier>
      <Extensions>h;hh;hpp;hxx;h++;hm;inl;inc;ipp;xsd</Extensions>
    </Filter>
    <Filter Include="Resource Files">
      <UniqueIdentifier>{67DA6AB6-F800-4c08-8B7A-83BB121AAD01}</UniqueIdentifier>
      <Extensions>rc;ico;cur;bmp;dlg;rc2;rct;bin;rgs;gif;jpg;jpeg;jpe;resx;tiff;tif;png;wav;mfcribbon-ms</Extensions>
    </Filter>
    <Filter Include="Shaders">
      <UniqueIdentifier>{fd1de6c6-19fe-4845-8911-8faf1ba9cfce}</UniqueIdentifier>
    </Filter>
    <Filter Include="ImGui">
      <UniqueIdentifier>{61c31a74-9e24-4f10-be83-030df4ccf0be}</UniqueIdentifier>
    </Filter>
    <Filter Include="Header Files\DirectXTK">
      <UniqueIdentifier>{7bc25daf-a9f4-4fe6-95b7-18d73c84c47d}</UniqueIdentifier>
    </Filter>
    <Filter Include="Source Files\DirectXTK">
      <UniqueIdentifier>{9bcbb77d-c4ca-44d3-a394-b618a214d4d1}</UniqueIdentifier>
    </Filter>
    <Filter Include="Header Files\Assimp">
      <UniqueIdentifier>{0acff6b1-a8cd-42f8-8049-5a5da2fb0623}</UniqueIdentifier>
    </Filter>
    <Filter Include="Source Files\Assimp">
      <UniqueIdentifier>{d167f77c-4fed-4ab1-856d-02d6948270e1}</UniqueIdentifier>
    </Filter>
  </ItemGroup>
  <ItemGroup>
    <ClCompile Include="MessageMap.cpp">
      <Filter>Source Files</Filter>
    </ClCompile>
    <ClCompile Include="Mouse.cpp">
      <Filter>Source Files</Filter>
    </ClCompile>
    <ClCompile Include="Window.cpp">
      <Filter>Source Files</Filter>
    </ClCompile>
    <ClCompile Include="WinMain.cpp">
      <Filter>Source Files</Filter>
    </ClCompile>
    <ClCompile Include="Engine.cpp">
      <Filter>Source Files</Filter>
    </ClCompile>
    <ClCompile Include="Graphics.cpp">
      <Filter>Source Files</Filter>
    </ClCompile>
    <ClCompile Include="IntervalTimer.cpp">
      <Filter>Source Files</Filter>
    </ClCompile>
    <ClCompile Include="Keyboard.cpp">
      <Filter>Source Files</Filter>
    </ClCompile>
    <ClCompile Include="DxgiInfoManager.cpp">
      <Filter>Source Files</Filter>
    </ClCompile>
    <ClCompile Include="ImGui\imgui.cpp">
      <Filter>ImGui</Filter>
    </ClCompile>
    <ClCompile Include="ImGui\imgui_demo.cpp">
      <Filter>ImGui</Filter>
    </ClCompile>
    <ClCompile Include="ImGui\imgui_draw.cpp">
      <Filter>ImGui</Filter>
    </ClCompile>
    <ClCompile Include="ImGui\imgui_widgets.cpp">
      <Filter>ImGui</Filter>
    </ClCompile>
    <ClCompile Include="ImGui\examples\imgui_impl_dx11.cpp">
      <Filter>ImGui</Filter>
    </ClCompile>
    <ClCompile Include="ImGui\examples\imgui_impl_win32.cpp">
      <Filter>ImGui</Filter>
    </ClCompile>
    <ClCompile Include="ImguiManager.cpp">
      <Filter>Source Files</Filter>
    </ClCompile>
    <ClCompile Include="FreeState.cpp">
      <Filter>Source Files</Filter>
    </ClCompile>
    <ClCompile Include="MenuState.cpp">
      <Filter>Source Files</Filter>
    </ClCompile>
    <ClCompile Include="DirectXTK\AlphaTestEffect.cpp">
      <Filter>Source Files\DirectXTK</Filter>
    </ClCompile>
    <ClCompile Include="DirectXTK\BasicEffect.cpp">
      <Filter>Source Files\DirectXTK</Filter>
    </ClCompile>
    <ClCompile Include="DirectXTK\BasicPostProcess.cpp">
      <Filter>Source Files\DirectXTK</Filter>
    </ClCompile>
    <ClCompile Include="DirectXTK\BinaryReader.cpp">
      <Filter>Source Files\DirectXTK</Filter>
    </ClCompile>
    <ClCompile Include="DirectXTK\BufferHelpers.cpp">
      <Filter>Source Files\DirectXTK</Filter>
    </ClCompile>
    <ClCompile Include="DirectXTK\CommonStates.cpp">
      <Filter>Source Files\DirectXTK</Filter>
    </ClCompile>
    <ClCompile Include="DirectXTK\DDSTextureLoader.cpp">
      <Filter>Source Files\DirectXTK</Filter>
    </ClCompile>
    <ClCompile Include="DirectXTK\DebugEffect.cpp">
      <Filter>Source Files\DirectXTK</Filter>
    </ClCompile>
    <ClCompile Include="DirectXTK\DGSLEffect.cpp">
      <Filter>Source Files\DirectXTK</Filter>
    </ClCompile>
    <ClCompile Include="DirectXTK\DGSLEffectFactory.cpp">
      <Filter>Source Files\DirectXTK</Filter>
    </ClCompile>
    <ClCompile Include="DirectXTK\DirectXHelpers.cpp">
      <Filter>Source Files\DirectXTK</Filter>
    </ClCompile>
    <ClCompile Include="DirectXTK\DualPostProcess.cpp">
      <Filter>Source Files\DirectXTK</Filter>
    </ClCompile>
    <ClCompile Include="DirectXTK\DualTextureEffect.cpp">
      <Filter>Source Files\DirectXTK</Filter>
    </ClCompile>
    <ClCompile Include="DirectXTK\EffectCommon.cpp">
      <Filter>Source Files\DirectXTK</Filter>
    </ClCompile>
    <ClCompile Include="DirectXTK\EffectFactory.cpp">
      <Filter>Source Files\DirectXTK</Filter>
    </ClCompile>
    <ClCompile Include="DirectXTK\EnvironmentMapEffect.cpp">
      <Filter>Source Files\DirectXTK</Filter>
    </ClCompile>
    <ClCompile Include="DirectXTK\GamePad.cpp">
      <Filter>Source Files\DirectXTK</Filter>
    </ClCompile>
    <ClCompile Include="DirectXTK\GeometricPrimitive.cpp">
      <Filter>Source Files\DirectXTK</Filter>
    </ClCompile>
    <ClCompile Include="DirectXTK\Geometry.cpp">
      <Filter>Source Files\DirectXTK</Filter>
    </ClCompile>
    <ClCompile Include="DirectXTK\GraphicsMemory.cpp">
      <Filter>Source Files\DirectXTK</Filter>
    </ClCompile>
    <ClCompile Include="DirectXTK\NormalMapEffect.cpp">
      <Filter>Source Files\DirectXTK</Filter>
    </ClCompile>
    <ClCompile Include="DirectXTK\PBREffect.cpp">
      <Filter>Source Files\DirectXTK</Filter>
    </ClCompile>
    <ClCompile Include="DirectXTK\PBREffectFactory.cpp">
      <Filter>Source Files\DirectXTK</Filter>
    </ClCompile>
    <ClCompile Include="DirectXTK\pch.cpp">
      <Filter>Source Files\DirectXTK</Filter>
    </ClCompile>
    <ClCompile Include="DirectXTK\PrimitiveBatch.cpp">
      <Filter>Source Files\DirectXTK</Filter>
    </ClCompile>
    <ClCompile Include="DirectXTK\ScreenGrab.cpp">
      <Filter>Source Files\DirectXTK</Filter>
    </ClCompile>
    <ClCompile Include="DirectXTK\SimpleMath.cpp">
      <Filter>Source Files\DirectXTK</Filter>
    </ClCompile>
    <ClCompile Include="DirectXTK\SkinnedEffect.cpp">
      <Filter>Source Files\DirectXTK</Filter>
    </ClCompile>
    <ClCompile Include="DirectXTK\SpriteBatch.cpp">
      <Filter>Source Files\DirectXTK</Filter>
    </ClCompile>
    <ClCompile Include="DirectXTK\SpriteFont.cpp">
      <Filter>Source Files\DirectXTK</Filter>
    </ClCompile>
    <ClCompile Include="DirectXTK\ToneMapPostProcess.cpp">
      <Filter>Source Files\DirectXTK</Filter>
    </ClCompile>
    <ClCompile Include="DirectXTK\VertexTypes.cpp">
      <Filter>Source Files\DirectXTK</Filter>
    </ClCompile>
    <ClCompile Include="DirectXTK\WICTextureLoader.cpp">
      <Filter>Source Files\DirectXTK</Filter>
    </ClCompile>
    <ClCompile Include="Assimp\code\Obj\ObjFileParser.cpp">
      <Filter>Source Files\Assimp</Filter>
    </ClCompile>
    <ClCompile Include="Assimp\code\Obj\ObjExporter.cpp">
      <Filter>Source Files\Assimp</Filter>
    </ClCompile>
    <ClCompile Include="Assimp\code\Obj\ObjFileImporter.cpp">
      <Filter>Source Files\Assimp</Filter>
    </ClCompile>
    <ClCompile Include="Assimp\code\Obj\ObjFileMtlImporter.cpp">
      <Filter>Source Files\Assimp</Filter>
    </ClCompile>
  </ItemGroup>
  <ItemGroup>
    <ClInclude Include="MessageMap.h">
      <Filter>Header Files</Filter>
    </ClInclude>
    <ClInclude Include="Mouse.h">
      <Filter>Header Files</Filter>
    </ClInclude>
    <ClInclude Include="Practice Engine.h">
      <Filter>Header Files</Filter>
    </ClInclude>
    <ClInclude Include="resource.h">
      <Filter>Header Files</Filter>
    </ClInclude>
    <ClInclude Include="Window.h">
      <Filter>Header Files</Filter>
    </ClInclude>
    <ClInclude Include="Assert.h">
      <Filter>Header Files</Filter>
    </ClInclude>
    <ClInclude Include="Engine.h">
      <Filter>Header Files</Filter>
    </ClInclude>
    <ClInclude Include="Graphics.h">
      <Filter>Header Files</Filter>
    </ClInclude>
    <ClInclude Include="IntervalTimer.h">
      <Filter>Header Files</Filter>
    </ClInclude>
    <ClInclude Include="Keyboard.h">
      <Filter>Header Files</Filter>
    </ClInclude>
    <ClInclude Include="LeanWindows.h">
      <Filter>Header Files</Filter>
    </ClInclude>
    <ClInclude Include="DxgiInfoManager.h">
      <Filter>Header Files</Filter>
    </ClInclude>
    <ClInclude Include="ImGui\imgui.h">
      <Filter>ImGui</Filter>
    </ClInclude>
    <ClInclude Include="ImGui\imgui_internal.h">
      <Filter>ImGui</Filter>
    </ClInclude>
    <ClInclude Include="ImGui\imstb_rectpack.h">
      <Filter>ImGui</Filter>
    </ClInclude>
    <ClInclude Include="ImGui\imstb_textedit.h">
      <Filter>ImGui</Filter>
    </ClInclude>
    <ClInclude Include="ImGui\imstb_truetype.h">
      <Filter>ImGui</Filter>
    </ClInclude>
    <ClInclude Include="ImGui\examples\imgui_impl_dx11.h">
      <Filter>ImGui</Filter>
    </ClInclude>
    <ClInclude Include="ImGui\examples\imgui_impl_win32.h">
      <Filter>ImGui</Filter>
    </ClInclude>
    <ClInclude Include="ImguiManager.h">
      <Filter>Header Files</Filter>
    </ClInclude>
    <ClInclude Include="EngineState.h">
      <Filter>Header Files</Filter>
    </ClInclude>
    <ClInclude Include="FreeState.h">
      <Filter>Header Files</Filter>
    </ClInclude>
    <ClInclude Include="MenuState.h">
      <Filter>Header Files</Filter>
    </ClInclude>
    <ClInclude Include="Debug.h">
      <Filter>Header Files</Filter>
    </ClInclude>
    <ClInclude Include="IndexedTriangleList.h">
      <Filter>Header Files</Filter>
    </ClInclude>
    <ClInclude Include="Geometry.h">
      <Filter>Header Files</Filter>
    </ClInclude>
    <ClInclude Include="DirectXTK\AlignedNew.h">
      <Filter>Header Files\DirectXTK</Filter>
    </ClInclude>
    <ClInclude Include="DirectXTK\Audio.h">
      <Filter>Header Files\DirectXTK</Filter>
    </ClInclude>
    <ClInclude Include="DirectXTK\Bezier.h">
      <Filter>Header Files\DirectXTK</Filter>
    </ClInclude>
    <ClInclude Include="DirectXTK\BinaryReader.h">
      <Filter>Header Files\DirectXTK</Filter>
    </ClInclude>
    <ClInclude Include="DirectXTK\BufferHelpers.h">
      <Filter>Header Files\DirectXTK</Filter>
    </ClInclude>
    <ClInclude Include="DirectXTK\CommonStates.h">
      <Filter>Header Files\DirectXTK</Filter>
    </ClInclude>
    <ClInclude Include="DirectXTK\DDS.h">
      <Filter>Header Files\DirectXTK</Filter>
    </ClInclude>
    <ClInclude Include="DirectXTK\DDSTextureLoader.h">
      <Filter>Header Files\DirectXTK</Filter>
    </ClInclude>
    <ClInclude Include="DirectXTK\DemandCreate.h">
      <Filter>Header Files\DirectXTK</Filter>
    </ClInclude>
    <ClInclude Include="DirectXTK\DirectXHelpers.h">
      <Filter>Header Files\DirectXTK</Filter>
    </ClInclude>
    <ClInclude Include="DirectXTK\EffectCommon.h">
      <Filter>Header Files\DirectXTK</Filter>
    </ClInclude>
    <ClInclude Include="DirectXTK\Effects.h">
      <Filter>Header Files\DirectXTK</Filter>
    </ClInclude>
    <ClInclude Include="DirectXTK\GamePad.h">
      <Filter>Header Files\DirectXTK</Filter>
    </ClInclude>
    <ClInclude Include="DirectXTK\GeometricPrimitive.h">
      <Filter>Header Files\DirectXTK</Filter>
    </ClInclude>
    <ClInclude Include="DirectXTK\Geometry.h">
      <Filter>Header Files\DirectXTK</Filter>
    </ClInclude>
    <ClInclude Include="DirectXTK\GraphicsMemory.h">
      <Filter>Header Files\DirectXTK</Filter>
    </ClInclude>
    <ClInclude Include="DirectXTK\LoaderHelpers.h">
      <Filter>Header Files\DirectXTK</Filter>
    </ClInclude>
    <ClInclude Include="DirectXTK\Model.h">
      <Filter>Header Files\DirectXTK</Filter>
    </ClInclude>
    <ClInclude Include="DirectXTK\pch.h">
      <Filter>Header Files\DirectXTK</Filter>
    </ClInclude>
    <ClInclude Include="DirectXTK\PlatformHelpers.h">
      <Filter>Header Files\DirectXTK</Filter>
    </ClInclude>
    <ClInclude Include="DirectXTK\PostProcess.h">
      <Filter>Header Files\DirectXTK</Filter>
    </ClInclude>
    <ClInclude Include="DirectXTK\PrimitiveBatch.h">
      <Filter>Header Files\DirectXTK</Filter>
    </ClInclude>
    <ClInclude Include="DirectXTK\ScreenGrab.h">
      <Filter>Header Files\DirectXTK</Filter>
    </ClInclude>
    <ClInclude Include="DirectXTK\SDKMesh.h">
      <Filter>Header Files\DirectXTK</Filter>
    </ClInclude>
    <ClInclude Include="DirectXTK\SharedResourcePool.h">
      <Filter>Header Files\DirectXTK</Filter>
    </ClInclude>
    <ClInclude Include="DirectXTK\SimpleMath.h">
      <Filter>Header Files\DirectXTK</Filter>
    </ClInclude>
    <ClInclude Include="DirectXTK\SpriteBatch.h">
      <Filter>Header Files\DirectXTK</Filter>
    </ClInclude>
    <ClInclude Include="DirectXTK\SpriteFont.h">
      <Filter>Header Files\DirectXTK</Filter>
    </ClInclude>
    <ClInclude Include="DirectXTK\vbo.h">
      <Filter>Header Files\DirectXTK</Filter>
    </ClInclude>
    <ClInclude Include="DirectXTK\VertexTypes.h">
      <Filter>Header Files\DirectXTK</Filter>
    </ClInclude>
    <ClInclude Include="DirectXTK\WICTextureLoader.h">
      <Filter>Header Files\DirectXTK</Filter>
    </ClInclude>
    <ClInclude Include="StringId.h">
      <Filter>Header Files</Filter>
    </ClInclude>
    <ClInclude Include="Assimp\code\Obj\ObjFileImporter.h">
      <Filter>Header Files\Assimp</Filter>
    </ClInclude>
    <ClInclude Include="Assimp\code\Obj\ObjFileMtlImporter.h">
      <Filter>Header Files\Assimp</Filter>
    </ClInclude>
    <ClInclude Include="Assimp\code\Obj\ObjFileParser.h">
      <Filter>Header Files\Assimp</Filter>
    </ClInclude>
    <ClInclude Include="Assimp\code\Obj\ObjTools.h">
      <Filter>Header Files\Assimp</Filter>
    </ClInclude>
    <ClInclude Include="Assimp\code\Obj\ObjExporter.h">
      <Filter>Header Files\Assimp</Filter>
    </ClInclude>
    <ClInclude Include="Assimp\code\Obj\ObjFileData.h">
      <Filter>Header Files\Assimp</Filter>
    </ClInclude>
  </ItemGroup>
  <ItemGroup>
    <Text Include="WindowsMessagesList.txt" />
  </ItemGroup>
  <ItemGroup>
    <FxCompile Include="VertexShader.hlsl">
      <Filter>Shaders</Filter>
    </FxCompile>
    <FxCompile Include="PixelShader.hlsl">
      <Filter>Shaders</Filter>
    </FxCompile>
  </ItemGroup>
</Project>